
Microsoft Visual Studio Solution File, Format Version 12.00
# Visual Studio Version 17
VisualStudioVersion = 17.11.35219.272
MinimumVisualStudioVersion = 10.0.40219.1
Project("{FAE04EC0-301F-11D3-BF4B-00C04F79EFBC}") = "Supermarker-mvp", "Supermarker-mvp.csproj", "{C33594D8-67B0-4D48-A7E8-B7A080293E6C}"
EndProject
Global
	GlobalSection(SolutionConfigurationPlatforms) = preSolution
		Debug|Any CPU = Debug|Any CPU
		Release|Any CPU = Release|Any CPU
	EndGlobalSection
	GlobalSection(ProjectConfigurationPlatforms) = postSolution
		{C33594D8-67B0-4D48-A7E8-B7A080293E6C}.Debug|Any CPU.ActiveCfg = Debug|Any CPU
		{C33594D8-67B0-4D48-A7E8-B7A080293E6C}.Debug|Any CPU.Build.0 = Debug|Any CPU
		{C33594D8-67B0-4D48-A7E8-B7A080293E6C}.Release|Any CPU.ActiveCfg = Release|Any CPU
		{C33594D8-67B0-4D48-A7E8-B7A080293E6C}.Release|Any CPU.Build.0 = Release|Any CPU
	EndGlobalSection
	GlobalSection(SolutionProperties) = preSolution
		HideSolutionNode = FALSE
	EndGlobalSection
	GlobalSection(ExtensibilityGlobals) = postSolution
		SolutionGuid = {7ECEB29C-2448-41D0-9D8D-41BFCD83FCDC}
	EndGlobalSection
EndGlobal
